// !$*UTF8*$!
{
	archiveVersion = 1;
	classes = {
	};
	objectVersion = 48;
	objects = {

/* Begin PBXBuildFile section */
		EC9B9C9C225F49B30082DA48 /* GameBoard.swift in Sources */ = {isa = PBXBuildFile; fileRef = EC9B9C9B225F49B30082DA48 /* GameBoard.swift */; };
		ECFD06A2225DF85E0043D640 /* AppDelegate.swift in Sources */ = {isa = PBXBuildFile; fileRef = ECFD06A1225DF85E0043D640 /* AppDelegate.swift */; };
		ECFD06A4225DF85E0043D640 /* ViewController.swift in Sources */ = {isa = PBXBuildFile; fileRef = ECFD06A3225DF85E0043D640 /* ViewController.swift */; };
		ECFD06A7225DF85E0043D640 /* Main.storyboard in Resources */ = {isa = PBXBuildFile; fileRef = ECFD06A5225DF85E0043D640 /* Main.storyboard */; };
		ECFD06A9225DF85E0043D640 /* Assets.xcassets in Resources */ = {isa = PBXBuildFile; fileRef = ECFD06A8225DF85E0043D640 /* Assets.xcassets */; };
		ECFD06AC225DF85E0043D640 /* LaunchScreen.storyboard in Resources */ = {isa = PBXBuildFile; fileRef = ECFD06AA225DF85E0043D640 /* LaunchScreen.storyboard */; };
		ECFD06B6225E0B240043D640 /* GameView.swift in Sources */ = {isa = PBXBuildFile; fileRef = ECFD06B5225E0B240043D640 /* GameView.swift */; };
/* End PBXBuildFile section */

/* Begin PBXFileReference section */
		EC9B9C9B225F49B30082DA48 /* GameBoard.swift */ = {isa = PBXFileReference; lastKnownFileType = sourcecode.swift; path = GameBoard.swift; sourceTree = "<group>"; };
		ECFD069E225DF85E0043D640 /* ProjetDevMobile.app */ = {isa = PBXFileReference; explicitFileType = wrapper.application; includeInIndex = 0; path = ProjetDevMobile.app; sourceTree = BUILT_PRODUCTS_DIR; };
		ECFD06A1225DF85E0043D640 /* AppDelegate.swift */ = {isa = PBXFileReference; lastKnownFileType = sourcecode.swift; path = AppDelegate.swift; sourceTree = "<group>"; };
		ECFD06A3225DF85E0043D640 /* ViewController.swift */ = {isa = PBXFileReference; lastKnownFileType = sourcecode.swift; path = ViewController.swift; sourceTree = "<group>"; };
		ECFD06A6225DF85E0043D640 /* Base */ = {isa = PBXFileReference; lastKnownFileType = file.storyboard; name = Base; path = Base.lproj/Main.storyboard; sourceTree = "<group>"; };
		ECFD06A8225DF85E0043D640 /* Assets.xcassets */ = {isa = PBXFileReference; lastKnownFileType = folder.assetcatalog; path = Assets.xcassets; sourceTree = "<group>"; };
		ECFD06AB225DF85E0043D640 /* Base */ = {isa = PBXFileReference; lastKnownFileType = file.storyboard; name = Base; path = Base.lproj/LaunchScreen.storyboard; sourceTree = "<group>"; };
		ECFD06AD225DF85E0043D640 /* Info.plist */ = {isa = PBXFileReference; lastKnownFileType = text.plist.xml; path = Info.plist; sourceTree = "<group>"; };
		ECFD06B5225E0B240043D640 /* GameView.swift */ = {isa = PBXFileReference; lastKnownFileType = sourcecode.swift; path = GameView.swift; sourceTree = "<group>"; };
/* End PBXFileReference section */

/* Begin PBXFrameworksBuildPhase section */
		ECFD069B225DF85E0043D640 /* Frameworks */ = {
			isa = PBXFrameworksBuildPhase;
			buildActionMask = 2147483647;
			files = (
			);
			runOnlyForDeploymentPostprocessing = 0;
		};
/* End PBXFrameworksBuildPhase section */

/* Begin PBXGroup section */
		ECFD0695225DF85E0043D640 = {
			isa = PBXGroup;
			children = (
				ECFD06A0225DF85E0043D640 /* ProjetDevMobile */,
				ECFD069F225DF85E0043D640 /* Products */,
			);
			sourceTree = "<group>";
		};
		ECFD069F225DF85E0043D640 /* Products */ = {
			isa = PBXGroup;
			children = (
				ECFD069E225DF85E0043D640 /* ProjetDevMobile.app */,
			);
			name = Products;
			sourceTree = "<group>";
		};
		ECFD06A0225DF85E0043D640 /* ProjetDevMobile */ = {
			isa = PBXGroup;
			children = (
				ECFD06A1225DF85E0043D640 /* AppDelegate.swift */,
				ECFD06A3225DF85E0043D640 /* ViewController.swift */,
				ECFD06A5225DF85E0043D640 /* Main.storyboard */,
				ECFD06A8225DF85E0043D640 /* Assets.xcassets */,
				ECFD06AA225DF85E0043D640 /* LaunchScreen.storyboard */,
				ECFD06AD225DF85E0043D640 /* Info.plist */,
				ECFD06B5225E0B240043D640 /* GameView.swift */,
				EC9B9C9B225F49B30082DA48 /* GameBoard.swift */,
			);
			path = ProjetDevMobile;
			sourceTree = "<group>";
		};
/* End PBXGroup section */

/* Begin PBXNativeTarget section */
		ECFD069D225DF85E0043D640 /* ProjetDevMobile */ = {
			isa = PBXNativeTarget;
			buildConfigurationList = ECFD06B0225DF85E0043D640 /* Build configuration list for PBXNativeTarget "ProjetDevMobile" */;
			buildPhases = (
				ECFD069A225DF85E0043D640 /* Sources */,
				ECFD069B225DF85E0043D640 /* Frameworks */,
				ECFD069C225DF85E0043D640 /* Resources */,
			);
			buildRules = (
			);
			dependencies = (
			);
			name = ProjetDevMobile;
			productName = ProjetDevMobile;
			productReference = ECFD069E225DF85E0043D640 /* ProjetDevMobile.app */;
			productType = "com.apple.product-type.application";
		};
/* End PBXNativeTarget section */

/* Begin PBXProject section */
		ECFD0696225DF85E0043D640 /* Project object */ = {
			isa = PBXProject;
			attributes = {
				LastSwiftUpdateCheck = 0920;
				LastUpgradeCheck = 0920;
				ORGANIZATIONNAME = etudiant;
				TargetAttributes = {
					ECFD069D225DF85E0043D640 = {
						CreatedOnToolsVersion = 9.2;
						ProvisioningStyle = Automatic;
					};
				};
			};
			buildConfigurationList = ECFD0699225DF85E0043D640 /* Build configuration list for PBXProject "ProjetDevMobile" */;
			compatibilityVersion = "Xcode 8.0";
			developmentRegion = en;
			hasScannedForEncodings = 0;
			knownRegions = (
				en,
				Base,
			);
			mainGroup = ECFD0695225DF85E0043D640;
			productRefGroup = ECFD069F225DF85E0043D640 /* Products */;
			projectDirPath = "";
			projectRoot = "";
			targets = (
				ECFD069D225DF85E0043D640 /* ProjetDevMobile */,
			);
		};
/* End PBXProject section */

/* Begin PBXResourcesBuildPhase section */
		ECFD069C225DF85E0043D640 /* Resources */ = {
			isa = PBXResourcesBuildPhase;
			buildActionMask = 2147483647;
			files = (
				ECFD06AC225DF85E0043D640 /* LaunchScreen.storyboard in Resources */,
				ECFD06A9225DF85E0043D640 /* Assets.xcassets in Resources */,
				ECFD06A7225DF85E0043D640 /* Main.storyboard in Resources */,
			);
			runOnlyForDeploymentPostprocessing = 0;
		};
/* End PBXResourcesBuildPhase section */

/* Begin PBXSourcesBuildPhase section */
		ECFD069A225DF85E0043D640 /* Sources */ = {
			isa = PBXSourcesBuildPhase;
			buildActionMask = 2147483647;
			files = (
				EC9B9C9C225F49B30082DA48 /* GameBoard.swift in Sources */,
				ECFD06A4225DF85E0043D640 /* ViewController.swift in Sources */,
				ECFD06B6225E0B240043D640 /* GameView.swift in Sources */,
				ECFD06A2225DF85E0043D640 /* AppDelegate.swift in Sources */,
			);
			runOnlyForDeploymentPostprocessing = 0;
		};
/* End PBXSourcesBuildPhase section */

/* Begin PBXVariantGroup section */
		ECFD06A5225DF85E0043D640 /* Main.storyboard */ = {
			isa = PBXVariantGroup;
			children = (
				ECFD06A6225DF85E0043D640 /* Base */,
			);
			name = Main.storyboard;
			sourceTree = "<group>";
		};
		ECFD06AA225DF85E0043D640 /* LaunchScreen.storyboard */ = {
			isa = PBXVariantGroup;
			children = (
				ECFD06AB225DF85E0043D640 /* Base */,
			);
			name = LaunchScreen.storyboard;
			sourceTree = "<group>";
		};
/* End PBXVariantGroup section */

/* Begin XCBuildConfiguration section */
		ECFD06AE225DF85E0043D640 /* Debug */ = {
			isa = XCBuildConfiguration;
			buildSettings = {
				ALWAYS_SEARCH_USER_PATHS = NO;
				CLANG_ANALYZER_NONNULL = YES;
				CLANG_ANALYZER_NUMBER_OBJECT_CONVERSION = YES_AGGRESSIVE;
				CLANG_CXX_LANGUAGE_STANDARD = "gnu++14";
				CLANG_CXX_LIBRARY = "libc++";
				CLANG_ENABLE_MODULES = YES;
				CLANG_ENABLE_OBJC_ARC = YES;
				CLANG_WARN_BLOCK_CAPTURE_AUTORELEASING = YES;
				CLANG_WARN_BOOL_CONVERSION = YES;
				CLANG_WARN_COMMA = YES;
				CLANG_WARN_CONSTANT_CONVERSION = YES;
				CLANG_WARN_DIRECT_OBJC_ISA_USAGE = YES_ERROR;
				CLANG_WARN_DOCUMENTATION_COMMENTS = YES;
				CLANG_WARN_EMPTY_BODY = YES;
				CLANG_WARN_ENUM_CONVERSION = YES;
				CLANG_WARN_INFINITE_RECURSION = YES;
				CLANG_WARN_INT_CONVERSION = YES;
				CLANG_WARN_NON_LITERAL_NULL_CONVERSION = YES;
				CLANG_WARN_OBJC_LITERAL_CONVERSION = YES;
				CLANG_WARN_OBJC_ROOT_CLASS = YES_ERROR;
				CLANG_WARN_RANGE_LOOP_ANALYSIS = YES;
				CLANG_WARN_STRICT_PROTOTYPES = YES;
				CLANG_WARN_SUSPICIOUS_MOVE = YES;
				CLANG_WARN_UNGUARDED_AVAILABILITY = YES_AGGRESSIVE;
				CLANG_WARN_UNREACHABLE_CODE = YES;
				CLANG_WARN__DUPLICATE_METHOD_MATCH = YES;
				CODE_SIGN_IDENTITY = "iPhone Developer";
				COPY_PHASE_STRIP = NO;
				DEBUG_INFORMATION_FORMAT = dwarf;
				ENABLE_STRICT_OBJC_MSGSEND = YES;
				ENABLE_TESTABILITY = YES;
				GCC_C_LANGUAGE_STANDARD = gnu11;
				GCC_DYNAMIC_NO_PIC = NO;
				GCC_NO_COMMON_BLOCKS = YES;
				GCC_OPTIMIZATION_LEVEL = 0;
				GCC_PREPROCESSOR_DEFINITIONS = (
					"DEBUG=1",
					"$(inherited)",
				);
				GCC_WARN_64_TO_32_BIT_CONVERSION = YES;
				GCC_WARN_ABOUT_RETURN_TYPE = YES_ERROR;
				GCC_WARN_UNDECLARED_SELECTOR = YES;
				GCC_WARN_UNINITIALIZED_AUTOS = YES_AGGRESSIVE;
				GCC_WARN_UNUSED_FUNCTION = YES;
				GCC_WARN_UNUSED_VARIABLE = YES;
				IPHONEOS_DEPLOYMENT_TARGET = 11.2;
				MTL_ENABLE_DEBUG_INFO = YES;
				ONLY_ACTIVE_ARCH = YES;
				SDKROOT = iphoneos;
				SWIFT_ACTIVE_COMPILATION_CONDITIONS = DEBUG;
				SWIFT_OPTIMIZATION_LEVEL = "-Onone";
			};
			name = Debug;
		};
		ECFD06AF225DF85E0043D640 /* Release */ = {
			isa = XCBuildConfiguration;
			buildSettings = {
				ALWAYS_SEARCH_USER_PATHS = NO;
				CLANG_ANALYZER_NONNULL = YES;
				CLANG_ANALYZER_NUMBER_OBJECT_CONVERSION = YES_AGGRESSIVE;
				CLANG_CXX_LANGUAGE_STANDARD = "gnu++14";
				CLANG_CXX_LIBRARY = "libc++";
				CLANG_ENABLE_MODULES = YES;
				CLANG_ENABLE_OBJC_ARC = YES;
				CLANG_WARN_BLOCK_CAPTURE_AUTORELEASING = YES;
				CLANG_WARN_BOOL_CONVERSION = YES;
				CLANG_WARN_COMMA = YES;
				CLANG_WARN_CONSTANT_CONVERSION = YES;
				CLANG_WARN_DIRECT_OBJC_ISA_USAGE = YES_ERROR;
				CLANG_WARN_DOCUMENTATION_COMMENTS = YES;
				CLANG_WARN_EMPTY_BODY = YES;
				CLANG_WARN_ENUM_CONVERSION = YES;
				CLANG_WARN_INFINITE_RECURSION = YES;
				CLANG_WARN_INT_CONVERSION = YES;
				CLANG_WARN_NON_LITERAL_NULL_CONVERSION = YES;
				CLANG_WARN_OBJC_LITERAL_CONVERSION = YES;
				CLANG_WARN_OBJC_ROOT_CLASS = YES_ERROR;
				CLANG_WARN_RANGE_LOOP_ANALYSIS = YES;
				CLANG_WARN_STRICT_PROTOTYPES = YES;
				CLANG_WARN_SUSPICIOUS_MOVE = YES;
				CLANG_WARN_UNGUARDED_AVAILABILITY = YES_AGGRESSIVE;
				CLANG_WARN_UNREACHABLE_CODE = YES;
				CLANG_WARN__DUPLICATE_METHOD_MATCH = YES;
				CODE_SIGN_IDENTITY = "iPhone Developer";
				COPY_PHASE_STRIP = NO;
				DEBUG_INFORMATION_FORMAT = "dwarf-with-dsym";
				ENABLE_NS_ASSERTIONS = NO;
				ENABLE_STRICT_OBJC_MSGSEND = YES;
				GCC_C_LANGUAGE_STANDARD = gnu11;
				GCC_NO_COMMON_BLOCKS = YES;
				GCC_WARN_64_TO_32_BIT_CONVERSION = YES;
				GCC_WARN_ABOUT_RETURN_TYPE = YES_ERROR;
				GCC_WARN_UNDECLARED_SELECTOR = YES;
				GCC_WARN_UNINITIALIZED_AUTOS = YES_AGGRESSIVE;
				GCC_WARN_UNUSED_FUNCTION = YES;
				GCC_WARN_UNUSED_VARIABLE = YES;
				IPHONEOS_DEPLOYMENT_TARGET = 11.2;
				MTL_ENABLE_DEBUG_INFO = NO;
				SDKROOT = iphoneos;
				SWIFT_OPTIMIZATION_LEVEL = "-Owholemodule";
				VALIDATE_PRODUCT = YES;
			};
			name = Release;
		};
		ECFD06B1225DF85E0043D640 /* Debug */ = {
			isa = XCBuildConfiguration;
			buildSettings = {
				ASSETCATALOG_COMPILER_APPICON_NAME = AppIcon;
				CODE_SIGN_STYLE = Automatic;
				INFOPLIST_FILE = ProjetDevMobile/Info.plist;
				LD_RUNPATH_SEARCH_PATHS = "$(inherited) @executable_path/Frameworks";
				PRODUCT_BUNDLE_IDENTIFIER = com.gguichard.ProjetDevMobile;
				PRODUCT_NAME = "$(TARGET_NAME)";
				SWIFT_VERSION = 4.0;
				TARGETED_DEVICE_FAMILY = "1,2";
			};
			name = Debug;
		};
		ECFD06B2225DF85E0043D640 /* Release */ = {
			isa = XCBuildConfiguration;
			buildSettings = {
				ASSETCATALOG_COMPILER_APPICON_NAME = AppIcon;
				CODE_SIGN_STYLE = Automatic;
				INFOPLIST_FILE = ProjetDevMobile/Info.plist;
				LD_RUNPATH_SEARCH_PATHS = "$(inherited) @executable_path/Frameworks";
				PRODUCT_BUNDLE_IDENTIFIER = com.gguichard.ProjetDevMobile;
				PRODUCT_NAME = "$(TARGET_NAME)";
				SWIFT_VERSION = 4.0;
				TARGETED_DEVICE_FAMILY = "1,2";
			};
			name = Release;
		};
/* End XCBuildConfiguration section */

/* Begin XCConfigurationList section */
		ECFD0699225DF85E0043D640 /* Build configuration list for PBXProject "ProjetDevMobile" */ = {
			isa = XCConfigurationList;
			buildConfigurations = (
				ECFD06AE225DF85E0043D640 /* Debug */,
				ECFD06AF225DF85E0043D640 /* Release */,
			);
			defaultConfigurationIsVisible = 0;
			defaultConfigurationName = Release;
		};
		ECFD06B0225DF85E0043D640 /* Build configuration list for PBXNativeTarget "ProjetDevMobile" */ = {
			isa = XCConfigurationList;
			buildConfigurations = (
				ECFD06B1225DF85E0043D640 /* Debug */,
				ECFD06B2225DF85E0043D640 /* Release */,
			);
			defaultConfigurationIsVisible = 0;
			defaultConfigurationName = Release;
		};
/* End XCConfigurationList section */
	};
	rootObject = ECFD0696225DF85E0043D640 /* Project object */;
}
